
Microsoft Visual Studio Solution File, Format Version 12.00
# Visual Studio Version 16
VisualStudioVersion = 16.0.30611.23
MinimumVisualStudioVersion = 10.0.40219.1
Project("{FAE04EC0-301F-11D3-BF4B-00C04F79EFBC}") = "lab_7_3", "lab_7_3.csproj", "{49F1A5AB-73AB-4DF4-B7CF-901110356BCC}"
EndProject
Global
	GlobalSection(SolutionConfigurationPlatforms) = preSolution
		Debug|Any CPU = Debug|Any CPU
		Release|Any CPU = Release|Any CPU
	EndGlobalSection
	GlobalSection(ProjectConfigurationPlatforms) = postSolution
		{49F1A5AB-73AB-4DF4-B7CF-901110356BCC}.Debug|Any CPU.ActiveCfg = Debug|Any CPU
		{49F1A5AB-73AB-4DF4-B7CF-901110356BCC}.Debug|Any CPU.Build.0 = Debug|Any CPU
		{49F1A5AB-73AB-4DF4-B7CF-901110356BCC}.Release|Any CPU.ActiveCfg = Release|Any CPU
		{49F1A5AB-73AB-4DF4-B7CF-901110356BCC}.Release|Any CPU.Build.0 = Release|Any CPU
	EndGlobalSection
	GlobalSection(SolutionProperties) = preSolution
		HideSolutionNode = FALSE
	EndGlobalSection
	GlobalSection(ExtensibilityGlobals) = postSolution
		SolutionGuid = {18DF2891-2458-4111-9FB4-6491A03B53AB}
	EndGlobalSection
EndGlobal
