
Microsoft Visual Studio Solution File, Format Version 12.00
# Visual Studio Version 16
VisualStudioVersion = 16.0.30611.23
MinimumVisualStudioVersion = 10.0.40219.1
Project("{FAE04EC0-301F-11D3-BF4B-00C04F79EFBC}") = "lab_7_1", "lab_7_1.csproj", "{51CF9BDB-E599-4847-AE4F-1E76B4190962}"
EndProject
Global
	GlobalSection(SolutionConfigurationPlatforms) = preSolution
		Debug|Any CPU = Debug|Any CPU
		Release|Any CPU = Release|Any CPU
	EndGlobalSection
	GlobalSection(ProjectConfigurationPlatforms) = postSolution
		{51CF9BDB-E599-4847-AE4F-1E76B4190962}.Debug|Any CPU.ActiveCfg = Debug|Any CPU
		{51CF9BDB-E599-4847-AE4F-1E76B4190962}.Debug|Any CPU.Build.0 = Debug|Any CPU
		{51CF9BDB-E599-4847-AE4F-1E76B4190962}.Release|Any CPU.ActiveCfg = Release|Any CPU
		{51CF9BDB-E599-4847-AE4F-1E76B4190962}.Release|Any CPU.Build.0 = Release|Any CPU
	EndGlobalSection
	GlobalSection(SolutionProperties) = preSolution
		HideSolutionNode = FALSE
	EndGlobalSection
	GlobalSection(ExtensibilityGlobals) = postSolution
		SolutionGuid = {16100BDA-ACC9-469F-9A36-33AC1B0349F0}
	EndGlobalSection
EndGlobal
